
Microsoft Visual Studio Solution File, Format Version 12.00
Project("{2150E333-8FDC-42A3-9474-1A3956D46DE8}") = "src", "src", "{2A72E1A0-E711-4011-8028-2BB2A8A37A8F}"
EndProject
Project("{2150E333-8FDC-42A3-9474-1A3956D46DE8}") = "Services", "Services", "{DE96A2C4-F59C-46B6-94EC-98FDF6B4F28E}"
EndProject
Project("{2150E333-8FDC-42A3-9474-1A3956D46DE8}") = "IdentityService", "IdentityService", "{0A866506-1804-4357-9427-81C3C078FB0F}"
EndProject
Project("{2150E333-8FDC-42A3-9474-1A3956D46DE8}") = "Core", "Core", "{0AE93579-A234-4954-882A-21E657E5F732}"
EndProject
Project("{2150E333-8FDC-42A3-9474-1A3956D46DE8}") = "Infrastructure", "Infrastructure", "{0DF88658-D057-43E8-BA02-3FD53E3BD1B6}"
EndProject
Project("{2150E333-8FDC-42A3-9474-1A3956D46DE8}") = "Presentation", "Presentation", "{C5CF284A-5B7D-4541-8A22-462811D1CF81}"
EndProject
Project("{FAE04EC0-301F-11D3-BF4B-00C04F79EFBC}") = "IdentityService.WebApi", "src\Services\IdentityService\Presentation\IdentityService.WebApi\IdentityService.WebApi.csproj", "{B775B3DD-06F8-4EA7-A37F-F92B4F1F590A}"
EndProject
Project("{FAE04EC0-301F-11D3-BF4B-00C04F79EFBC}") = "IdentityService.Persistance", "src\Services\IdentityService\Infrastructure\IdentityService.Persistance\IdentityService.Persistance.csproj", "{22143794-1D1B-4E38-9B5C-5387239B75E6}"
EndProject
Project("{FAE04EC0-301F-11D3-BF4B-00C04F79EFBC}") = "IdentityService.Application", "src\Services\IdentityService\Core\IdentityService.Application\IdentityService.Application.csproj", "{5FEEBCE6-9CAD-49A2-BA07-F7CC6A611BF8}"
EndProject
Project("{FAE04EC0-301F-11D3-BF4B-00C04F79EFBC}") = "IdentityService.Domain", "src\Services\IdentityService\Core\IdentityService.Domain\IdentityService.Domain.csproj", "{F527A9A6-5466-4DBB-B6FB-C56697A2D35A}"
EndProject
Project("{FAE04EC0-301F-11D3-BF4B-00C04F79EFBC}") = "Shared", "src\Shared\Shared.csproj", "{A84A082A-37CD-46E8-B359-F34CB3DCD457}"
EndProject
Project("{2150E333-8FDC-42A3-9474-1A3956D46DE8}") = "NewsService", "NewsService", "{9E0F507E-E96D-E7E4-61AA-C3AD0665C86D}"
EndProject
Project("{2150E333-8FDC-42A3-9474-1A3956D46DE8}") = "Core", "Core", "{CCC99EC1-573F-F908-416B-BA38D1C20EF1}"
EndProject
Project("{FAE04EC0-301F-11D3-BF4B-00C04F79EFBC}") = "NewsService.Domain", "src\Services\NewsService\Core\NewsService.Domain\NewsService.Domain.csproj", "{69425DCB-F1BA-4E1B-97B8-4A202E852C58}"
EndProject
Project("{FAE04EC0-301F-11D3-BF4B-00C04F79EFBC}") = "NewsService.Application", "src\Services\NewsService\Core\NewsService.Application\NewsService.Application.csproj", "{4B95720A-04BD-4651-B307-7FFEB183D609}"
EndProject
Project("{2150E333-8FDC-42A3-9474-1A3956D46DE8}") = "Infrastructure", "Infrastructure", "{6D45673F-ADA9-838C-ACBB-54955BF41851}"
EndProject
Project("{FAE04EC0-301F-11D3-BF4B-00C04F79EFBC}") = "NewsService.Persistance", "src\Services\NewsService\Infrastructure\NewsService.Persistance\NewsService.Persistance.csproj", "{223A0D45-DF15-42AB-B708-CFE52F00C152}"
EndProject
Project("{2150E333-8FDC-42A3-9474-1A3956D46DE8}") = "Presentation", "Presentation", "{79BD4FD6-664A-AB5D-FB7D-9D7FB0E83C45}"
EndProject
Project("{FAE04EC0-301F-11D3-BF4B-00C04F79EFBC}") = "NewsService.WebApi", "src\Services\NewsService\Presentation\NewsService.WebApi\NewsService.WebApi.csproj", "{8237E81F-68D7-43D9-B38F-62C5965A49EF}"
EndProject
Global
	GlobalSection(SolutionConfigurationPlatforms) = preSolution
		Debug|Any CPU = Debug|Any CPU
		Debug|x64 = Debug|x64
		Debug|x86 = Debug|x86
		Release|Any CPU = Release|Any CPU
		Release|x64 = Release|x64
		Release|x86 = Release|x86
	EndGlobalSection
	GlobalSection(ProjectConfigurationPlatforms) = postSolution
		{B775B3DD-06F8-4EA7-A37F-F92B4F1F590A}.Debug|Any CPU.ActiveCfg = Debug|Any CPU
		{B775B3DD-06F8-4EA7-A37F-F92B4F1F590A}.Debug|Any CPU.Build.0 = Debug|Any CPU
		{B775B3DD-06F8-4EA7-A37F-F92B4F1F590A}.Debug|x64.ActiveCfg = Debug|Any CPU
		{B775B3DD-06F8-4EA7-A37F-F92B4F1F590A}.Debug|x64.Build.0 = Debug|Any CPU
		{B775B3DD-06F8-4EA7-A37F-F92B4F1F590A}.Debug|x86.ActiveCfg = Debug|Any CPU
		{B775B3DD-06F8-4EA7-A37F-F92B4F1F590A}.Debug|x86.Build.0 = Debug|Any CPU
		{B775B3DD-06F8-4EA7-A37F-F92B4F1F590A}.Release|Any CPU.ActiveCfg = Release|Any CPU
		{B775B3DD-06F8-4EA7-A37F-F92B4F1F590A}.Release|Any CPU.Build.0 = Release|Any CPU
		{B775B3DD-06F8-4EA7-A37F-F92B4F1F590A}.Release|x64.ActiveCfg = Release|Any CPU
		{B775B3DD-06F8-4EA7-A37F-F92B4F1F590A}.Release|x64.Build.0 = Release|Any CPU
		{B775B3DD-06F8-4EA7-A37F-F92B4F1F590A}.Release|x86.ActiveCfg = Release|Any CPU
		{B775B3DD-06F8-4EA7-A37F-F92B4F1F590A}.Release|x86.Build.0 = Release|Any CPU
		{22143794-1D1B-4E38-9B5C-5387239B75E6}.Debug|Any CPU.ActiveCfg = Debug|Any CPU
		{22143794-1D1B-4E38-9B5C-5387239B75E6}.Debug|Any CPU.Build.0 = Debug|Any CPU
		{22143794-1D1B-4E38-9B5C-5387239B75E6}.Debug|x64.ActiveCfg = Debug|Any CPU
		{22143794-1D1B-4E38-9B5C-5387239B75E6}.Debug|x64.Build.0 = Debug|Any CPU
		{22143794-1D1B-4E38-9B5C-5387239B75E6}.Debug|x86.ActiveCfg = Debug|Any CPU
		{22143794-1D1B-4E38-9B5C-5387239B75E6}.Debug|x86.Build.0 = Debug|Any CPU
		{22143794-1D1B-4E38-9B5C-5387239B75E6}.Release|Any CPU.ActiveCfg = Release|Any CPU
		{22143794-1D1B-4E38-9B5C-5387239B75E6}.Release|Any CPU.Build.0 = Release|Any CPU
		{22143794-1D1B-4E38-9B5C-5387239B75E6}.Release|x64.ActiveCfg = Release|Any CPU
		{22143794-1D1B-4E38-9B5C-5387239B75E6}.Release|x64.Build.0 = Release|Any CPU
		{22143794-1D1B-4E38-9B5C-5387239B75E6}.Release|x86.ActiveCfg = Release|Any CPU
		{22143794-1D1B-4E38-9B5C-5387239B75E6}.Release|x86.Build.0 = Release|Any CPU
		{5FEEBCE6-9CAD-49A2-BA07-F7CC6A611BF8}.Debug|Any CPU.ActiveCfg = Debug|Any CPU
		{5FEEBCE6-9CAD-49A2-BA07-F7CC6A611BF8}.Debug|Any CPU.Build.0 = Debug|Any CPU
		{5FEEBCE6-9CAD-49A2-BA07-F7CC6A611BF8}.Debug|x64.ActiveCfg = Debug|Any CPU
		{5FEEBCE6-9CAD-49A2-BA07-F7CC6A611BF8}.Debug|x64.Build.0 = Debug|Any CPU
		{5FEEBCE6-9CAD-49A2-BA07-F7CC6A611BF8}.Debug|x86.ActiveCfg = Debug|Any CPU
		{5FEEBCE6-9CAD-49A2-BA07-F7CC6A611BF8}.Debug|x86.Build.0 = Debug|Any CPU
		{5FEEBCE6-9CAD-49A2-BA07-F7CC6A611BF8}.Release|Any CPU.ActiveCfg = Release|Any CPU
		{5FEEBCE6-9CAD-49A2-BA07-F7CC6A611BF8}.Release|Any CPU.Build.0 = Release|Any CPU
		{5FEEBCE6-9CAD-49A2-BA07-F7CC6A611BF8}.Release|x64.ActiveCfg = Release|Any CPU
		{5FEEBCE6-9CAD-49A2-BA07-F7CC6A611BF8}.Release|x64.Build.0 = Release|Any CPU
		{5FEEBCE6-9CAD-49A2-BA07-F7CC6A611BF8}.Release|x86.ActiveCfg = Release|Any CPU
		{5FEEBCE6-9CAD-49A2-BA07-F7CC6A611BF8}.Release|x86.Build.0 = Release|Any CPU
		{F527A9A6-5466-4DBB-B6FB-C56697A2D35A}.Debug|Any CPU.ActiveCfg = Debug|Any CPU
		{F527A9A6-5466-4DBB-B6FB-C56697A2D35A}.Debug|Any CPU.Build.0 = Debug|Any CPU
		{F527A9A6-5466-4DBB-B6FB-C56697A2D35A}.Debug|x64.ActiveCfg = Debug|Any CPU
		{F527A9A6-5466-4DBB-B6FB-C56697A2D35A}.Debug|x64.Build.0 = Debug|Any CPU
		{F527A9A6-5466-4DBB-B6FB-C56697A2D35A}.Debug|x86.ActiveCfg = Debug|Any CPU
		{F527A9A6-5466-4DBB-B6FB-C56697A2D35A}.Debug|x86.Build.0 = Debug|Any CPU
		{F527A9A6-5466-4DBB-B6FB-C56697A2D35A}.Release|Any CPU.ActiveCfg = Release|Any CPU
		{F527A9A6-5466-4DBB-B6FB-C56697A2D35A}.Release|Any CPU.Build.0 = Release|Any CPU
		{F527A9A6-5466-4DBB-B6FB-C56697A2D35A}.Release|x64.ActiveCfg = Release|Any CPU
		{F527A9A6-5466-4DBB-B6FB-C56697A2D35A}.Release|x64.Build.0 = Release|Any CPU
		{F527A9A6-5466-4DBB-B6FB-C56697A2D35A}.Release|x86.ActiveCfg = Release|Any CPU
		{F527A9A6-5466-4DBB-B6FB-C56697A2D35A}.Release|x86.Build.0 = Release|Any CPU
		{A84A082A-37CD-46E8-B359-F34CB3DCD457}.Debug|Any CPU.ActiveCfg = Debug|Any CPU
		{A84A082A-37CD-46E8-B359-F34CB3DCD457}.Debug|Any CPU.Build.0 = Debug|Any CPU
		{A84A082A-37CD-46E8-B359-F34CB3DCD457}.Debug|x64.ActiveCfg = Debug|Any CPU
		{A84A082A-37CD-46E8-B359-F34CB3DCD457}.Debug|x64.Build.0 = Debug|Any CPU
		{A84A082A-37CD-46E8-B359-F34CB3DCD457}.Debug|x86.ActiveCfg = Debug|Any CPU
		{A84A082A-37CD-46E8-B359-F34CB3DCD457}.Debug|x86.Build.0 = Debug|Any CPU
		{A84A082A-37CD-46E8-B359-F34CB3DCD457}.Release|Any CPU.ActiveCfg = Release|Any CPU
		{A84A082A-37CD-46E8-B359-F34CB3DCD457}.Release|Any CPU.Build.0 = Release|Any CPU
		{A84A082A-37CD-46E8-B359-F34CB3DCD457}.Release|x64.ActiveCfg = Release|Any CPU
		{A84A082A-37CD-46E8-B359-F34CB3DCD457}.Release|x64.Build.0 = Release|Any CPU
		{A84A082A-37CD-46E8-B359-F34CB3DCD457}.Release|x86.ActiveCfg = Release|Any CPU
		{A84A082A-37CD-46E8-B359-F34CB3DCD457}.Release|x86.Build.0 = Release|Any CPU
		{69425DCB-F1BA-4E1B-97B8-4A202E852C58}.Debug|Any CPU.ActiveCfg = Debug|Any CPU
		{69425DCB-F1BA-4E1B-97B8-4A202E852C58}.Debug|Any CPU.Build.0 = Debug|Any CPU
		{69425DCB-F1BA-4E1B-97B8-4A202E852C58}.Debug|x64.ActiveCfg = Debug|Any CPU
		{69425DCB-F1BA-4E1B-97B8-4A202E852C58}.Debug|x64.Build.0 = Debug|Any CPU
		{69425DCB-F1BA-4E1B-97B8-4A202E852C58}.Debug|x86.ActiveCfg = Debug|Any CPU
		{69425DCB-F1BA-4E1B-97B8-4A202E852C58}.Debug|x86.Build.0 = Debug|Any CPU
		{69425DCB-F1BA-4E1B-97B8-4A202E852C58}.Release|Any CPU.ActiveCfg = Release|Any CPU
		{69425DCB-F1BA-4E1B-97B8-4A202E852C58}.Release|Any CPU.Build.0 = Release|Any CPU
		{69425DCB-F1BA-4E1B-97B8-4A202E852C58}.Release|x64.ActiveCfg = Release|Any CPU
		{69425DCB-F1BA-4E1B-97B8-4A202E852C58}.Release|x64.Build.0 = Release|Any CPU
		{69425DCB-F1BA-4E1B-97B8-4A202E852C58}.Release|x86.ActiveCfg = Release|Any CPU
		{69425DCB-F1BA-4E1B-97B8-4A202E852C58}.Release|x86.Build.0 = Release|Any CPU
		{4B95720A-04BD-4651-B307-7FFEB183D609}.Debug|Any CPU.ActiveCfg = Debug|Any CPU
		{4B95720A-04BD-4651-B307-7FFEB183D609}.Debug|Any CPU.Build.0 = Debug|Any CPU
		{4B95720A-04BD-4651-B307-7FFEB183D609}.Debug|x64.ActiveCfg = Debug|Any CPU
		{4B95720A-04BD-4651-B307-7FFEB183D609}.Debug|x64.Build.0 = Debug|Any CPU
		{4B95720A-04BD-4651-B307-7FFEB183D609}.Debug|x86.ActiveCfg = Debug|Any CPU
		{4B95720A-04BD-4651-B307-7FFEB183D609}.Debug|x86.Build.0 = Debug|Any CPU
		{4B95720A-04BD-4651-B307-7FFEB183D609}.Release|Any CPU.ActiveCfg = Release|Any CPU
		{4B95720A-04BD-4651-B307-7FFEB183D609}.Release|Any CPU.Build.0 = Release|Any CPU
		{4B95720A-04BD-4651-B307-7FFEB183D609}.Release|x64.ActiveCfg = Release|Any CPU
		{4B95720A-04BD-4651-B307-7FFEB183D609}.Release|x64.Build.0 = Release|Any CPU
		{4B95720A-04BD-4651-B307-7FFEB183D609}.Release|x86.ActiveCfg = Release|Any CPU
		{4B95720A-04BD-4651-B307-7FFEB183D609}.Release|x86.Build.0 = Release|Any CPU
		{223A0D45-DF15-42AB-B708-CFE52F00C152}.Debug|Any CPU.ActiveCfg = Debug|Any CPU
		{223A0D45-DF15-42AB-B708-CFE52F00C152}.Debug|Any CPU.Build.0 = Debug|Any CPU
		{223A0D45-DF15-42AB-B708-CFE52F00C152}.Debug|x64.ActiveCfg = Debug|Any CPU
		{223A0D45-DF15-42AB-B708-CFE52F00C152}.Debug|x64.Build.0 = Debug|Any CPU
		{223A0D45-DF15-42AB-B708-CFE52F00C152}.Debug|x86.ActiveCfg = Debug|Any CPU
		{223A0D45-DF15-42AB-B708-CFE52F00C152}.Debug|x86.Build.0 = Debug|Any CPU
		{223A0D45-DF15-42AB-B708-CFE52F00C152}.Release|Any CPU.ActiveCfg = Release|Any CPU
		{223A0D45-DF15-42AB-B708-CFE52F00C152}.Release|Any CPU.Build.0 = Release|Any CPU
		{223A0D45-DF15-42AB-B708-CFE52F00C152}.Release|x64.ActiveCfg = Release|Any CPU
		{223A0D45-DF15-42AB-B708-CFE52F00C152}.Release|x64.Build.0 = Release|Any CPU
		{223A0D45-DF15-42AB-B708-CFE52F00C152}.Release|x86.ActiveCfg = Release|Any CPU
		{223A0D45-DF15-42AB-B708-CFE52F00C152}.Release|x86.Build.0 = Release|Any CPU
		{8237E81F-68D7-43D9-B38F-62C5965A49EF}.Debug|Any CPU.ActiveCfg = Debug|Any CPU
		{8237E81F-68D7-43D9-B38F-62C5965A49EF}.Debug|Any CPU.Build.0 = Debug|Any CPU
		{8237E81F-68D7-43D9-B38F-62C5965A49EF}.Debug|x64.ActiveCfg = Debug|Any CPU
		{8237E81F-68D7-43D9-B38F-62C5965A49EF}.Debug|x64.Build.0 = Debug|Any CPU
		{8237E81F-68D7-43D9-B38F-62C5965A49EF}.Debug|x86.ActiveCfg = Debug|Any CPU
		{8237E81F-68D7-43D9-B38F-62C5965A49EF}.Debug|x86.Build.0 = Debug|Any CPU
		{8237E81F-68D7-43D9-B38F-62C5965A49EF}.Release|Any CPU.ActiveCfg = Release|Any CPU
		{8237E81F-68D7-43D9-B38F-62C5965A49EF}.Release|Any CPU.Build.0 = Release|Any CPU
		{8237E81F-68D7-43D9-B38F-62C5965A49EF}.Release|x64.ActiveCfg = Release|Any CPU
		{8237E81F-68D7-43D9-B38F-62C5965A49EF}.Release|x64.Build.0 = Release|Any CPU
		{8237E81F-68D7-43D9-B38F-62C5965A49EF}.Release|x86.ActiveCfg = Release|Any CPU
		{8237E81F-68D7-43D9-B38F-62C5965A49EF}.Release|x86.Build.0 = Release|Any CPU
	EndGlobalSection
	GlobalSection(SolutionProperties) = preSolution
		HideSolutionNode = FALSE
	EndGlobalSection
	GlobalSection(NestedProjects) = preSolution
		{DE96A2C4-F59C-46B6-94EC-98FDF6B4F28E} = {2A72E1A0-E711-4011-8028-2BB2A8A37A8F}
		{0A866506-1804-4357-9427-81C3C078FB0F} = {DE96A2C4-F59C-46B6-94EC-98FDF6B4F28E}
		{0AE93579-A234-4954-882A-21E657E5F732} = {0A866506-1804-4357-9427-81C3C078FB0F}
		{0DF88658-D057-43E8-BA02-3FD53E3BD1B6} = {0A866506-1804-4357-9427-81C3C078FB0F}
		{C5CF284A-5B7D-4541-8A22-462811D1CF81} = {0A866506-1804-4357-9427-81C3C078FB0F}
		{B775B3DD-06F8-4EA7-A37F-F92B4F1F590A} = {C5CF284A-5B7D-4541-8A22-462811D1CF81}
		{22143794-1D1B-4E38-9B5C-5387239B75E6} = {0DF88658-D057-43E8-BA02-3FD53E3BD1B6}
		{5FEEBCE6-9CAD-49A2-BA07-F7CC6A611BF8} = {0AE93579-A234-4954-882A-21E657E5F732}
		{F527A9A6-5466-4DBB-B6FB-C56697A2D35A} = {0AE93579-A234-4954-882A-21E657E5F732}
		{A84A082A-37CD-46E8-B359-F34CB3DCD457} = {2A72E1A0-E711-4011-8028-2BB2A8A37A8F}
		{9E0F507E-E96D-E7E4-61AA-C3AD0665C86D} = {DE96A2C4-F59C-46B6-94EC-98FDF6B4F28E}
		{CCC99EC1-573F-F908-416B-BA38D1C20EF1} = {9E0F507E-E96D-E7E4-61AA-C3AD0665C86D}
		{69425DCB-F1BA-4E1B-97B8-4A202E852C58} = {CCC99EC1-573F-F908-416B-BA38D1C20EF1}
		{4B95720A-04BD-4651-B307-7FFEB183D609} = {CCC99EC1-573F-F908-416B-BA38D1C20EF1}
		{6D45673F-ADA9-838C-ACBB-54955BF41851} = {9E0F507E-E96D-E7E4-61AA-C3AD0665C86D}
		{223A0D45-DF15-42AB-B708-CFE52F00C152} = {6D45673F-ADA9-838C-ACBB-54955BF41851}
		{79BD4FD6-664A-AB5D-FB7D-9D7FB0E83C45} = {9E0F507E-E96D-E7E4-61AA-C3AD0665C86D}
		{8237E81F-68D7-43D9-B38F-62C5965A49EF} = {79BD4FD6-664A-AB5D-FB7D-9D7FB0E83C45}
	EndGlobalSection
EndGlobal
