Microsoft Visual Studio Solution File, Format Version 12.00
# Visual Studio Version 17
VisualStudioVersion = 17.5.2.0
MinimumVisualStudioVersion = 10.0.40219.1
Project("{FAE04EC0-301F-11D3-BF4B-00C04F79EFBC}") = "Shared", "Shared\Shared.csproj", "{22F72E50-B86A-48A6-4252-6FDC98C636E8}"
EndProject
Project("{2150E333-8FDC-42A3-9474-1A3956D46DE8}") = "Workers", "Workers", "{20543853-AF10-B830-2A3D-9FE9F6ECBF6C}"
EndProject
Project("{2150E333-8FDC-42A3-9474-1A3956D46DE8}") = "Services", "Services", "{5854FF58-B8C5-05C6-5BF2-ACE42193F22B}"
EndProject
Project("{FAE04EC0-301F-11D3-BF4B-00C04F79EFBC}") = "NewsOutboxWorker", "Workers\NewsOutboxWorker\NewsOutboxWorker.csproj", "{1576BADE-717F-87EE-BDE8-DC26D19AFC7E}"
EndProject
Project("{FAE04EC0-301F-11D3-BF4B-00C04F79EFBC}") = "NotificationInboxWorker", "Workers\NotificationInboxWorker\NotificationInboxWorker.csproj", "{0AA2D14C-9382-01E5-7726-DFC09F548EE7}"
EndProject
Project("{FAE04EC0-301F-11D3-BF4B-00C04F79EFBC}") = "IdentityOutboxWorker", "Workers\IdentityOutboxWorker\IdentityOutboxWorker.csproj", "{E6DB59ED-E921-6B75-4239-D335FEBEF993}"
EndProject
Project("{2150E333-8FDC-42A3-9474-1A3956D46DE8}") = "IdentityService", "IdentityService", "{DD206F60-1FAF-ED75-6FA2-9D7982884EA4}"
EndProject
Project("{2150E333-8FDC-42A3-9474-1A3956D46DE8}") = "Core", "Core", "{E3AA53C3-939A-826F-12DB-197442141B87}"
EndProject
Project("{FAE04EC0-301F-11D3-BF4B-00C04F79EFBC}") = "IdentityService.Domain", "Services\IdentityService\Core\IdentityService.Domain\IdentityService.Domain.csproj", "{F81254C3-9C8B-F180-8E00-EFBFED6A6D7E}"
EndProject
Project("{FAE04EC0-301F-11D3-BF4B-00C04F79EFBC}") = "IdentityService.Application", "Services\IdentityService\Core\IdentityService.Application\IdentityService.Application.csproj", "{72C444E6-F639-B92A-86AE-973BBD8CCE2C}"
EndProject
Project("{2150E333-8FDC-42A3-9474-1A3956D46DE8}") = "Infrastructure", "Infrastructure", "{B855C8D1-5364-824C-CDCA-EE7C08A2A013}"
EndProject
Project("{FAE04EC0-301F-11D3-BF4B-00C04F79EFBC}") = "IdentityService.Persistance", "Services\IdentityService\Infrastructure\IdentityService.Persistance\IdentityService.Persistance.csproj", "{9AF9C58E-C3C5-AC18-03A0-D6DB370288F7}"
EndProject
Project("{2150E333-8FDC-42A3-9474-1A3956D46DE8}") = "Presentation", "Presentation", "{A015CD5A-CC23-C0BB-15E3-83118F92C477}"
EndProject
Project("{FAE04EC0-301F-11D3-BF4B-00C04F79EFBC}") = "IdentityService.WebApi", "Services\IdentityService\Presentation\IdentityService.WebApi\IdentityService.WebApi.csproj", "{816DDE4B-E61B-60CC-0A2E-151C77DDA0F5}"
EndProject
Project("{2150E333-8FDC-42A3-9474-1A3956D46DE8}") = "NotificationService", "NotificationService", "{74E836B4-46B0-66C7-E002-0B58C90F8616}"
EndProject
Project("{2150E333-8FDC-42A3-9474-1A3956D46DE8}") = "Core", "Core", "{05CA971B-3D65-4FAD-CCE0-7DD1512D0CB1}"
EndProject
Project("{FAE04EC0-301F-11D3-BF4B-00C04F79EFBC}") = "NotificationService.Application", "Services\NotificationService\Core\NotificationService.Application\NotificationService.Application.csproj", "{C8C30923-E640-E562-0A10-2AB5A54D8062}"
EndProject
Project("{FAE04EC0-301F-11D3-BF4B-00C04F79EFBC}") = "NotificationService.Domain", "Services\NotificationService\Core\NotificationService.Domain\NotificationService.Domain.csproj", "{6CBE0198-9928-8529-539E-CBEB2AE30F76}"
EndProject
Project("{2150E333-8FDC-42A3-9474-1A3956D46DE8}") = "Infrastructure", "Infrastructure", "{C51A2D03-45A6-E23F-825D-099D02C95D5F}"
EndProject
Project("{FAE04EC0-301F-11D3-BF4B-00C04F79EFBC}") = "NotificationService.Persistance", "Services\NotificationService\Infrastructure\NotificationService.Persistance\NotificationService.Persistance.csproj", "{D4092CF3-9F93-E485-9A0C-9DF46FABC54C}"
EndProject
Project("{2150E333-8FDC-42A3-9474-1A3956D46DE8}") = "Presentation", "Presentation", "{F74FA52C-4D45-CD72-C428-1CC09C61DD8F}"
EndProject
Project("{FAE04EC0-301F-11D3-BF4B-00C04F79EFBC}") = "NotificationService.WebApi", "Services\NotificationService\Presentation\NotificationService.WebApi\NotificationService.WebApi.csproj", "{DE54235A-E9FA-421A-9E4D-AD47922BE6D5}"
EndProject
Project("{2150E333-8FDC-42A3-9474-1A3956D46DE8}") = "NewsService", "NewsService", "{050E3031-8793-E375-0E70-4DAD0183BBB2}"
EndProject
Project("{2150E333-8FDC-42A3-9474-1A3956D46DE8}") = "Core", "Core", "{537F6F1C-44B5-F016-91AC-31F8AB0CEC44}"
EndProject
Project("{FAE04EC0-301F-11D3-BF4B-00C04F79EFBC}") = "NewsService.Domain", "Services\NewsService\Core\NewsService.Domain\NewsService.Domain.csproj", "{831A370D-502C-7A60-97DB-B4D7705B4E6A}"
EndProject
Project("{FAE04EC0-301F-11D3-BF4B-00C04F79EFBC}") = "NewsService.Application", "Services\NewsService\Core\NewsService.Application\NewsService.Application.csproj", "{944D48C8-DF07-E1A2-3AE2-2A5B5AE9C5E2}"
EndProject
Project("{2150E333-8FDC-42A3-9474-1A3956D46DE8}") = "Infrastructure", "Infrastructure", "{7CB32DDB-CC76-8CB2-4FD5-430A81EAB74D}"
EndProject
Project("{FAE04EC0-301F-11D3-BF4B-00C04F79EFBC}") = "NewsService.Persistance", "Services\NewsService\Infrastructure\NewsService.Persistance\NewsService.Persistance.csproj", "{9E29738A-91D5-B41B-0B7A-82C351CB238D}"
EndProject
Project("{2150E333-8FDC-42A3-9474-1A3956D46DE8}") = "Presentation", "Presentation", "{7670863A-76CC-E7F5-267A-1F993BE7F61A}"
EndProject
Project("{FAE04EC0-301F-11D3-BF4B-00C04F79EFBC}") = "NewsService.WebApi", "Services\NewsService\Presentation\NewsService.WebApi\NewsService.WebApi.csproj", "{93AAB715-A181-3DE2-93F0-8527337412E2}"
EndProject
Global
	GlobalSection(SolutionConfigurationPlatforms) = preSolution
		Debug|Any CPU = Debug|Any CPU
		Release|Any CPU = Release|Any CPU
	EndGlobalSection
	GlobalSection(ProjectConfigurationPlatforms) = postSolution
		{22F72E50-B86A-48A6-4252-6FDC98C636E8}.Debug|Any CPU.ActiveCfg = Debug|Any CPU
		{22F72E50-B86A-48A6-4252-6FDC98C636E8}.Debug|Any CPU.Build.0 = Debug|Any CPU
		{22F72E50-B86A-48A6-4252-6FDC98C636E8}.Release|Any CPU.ActiveCfg = Release|Any CPU
		{22F72E50-B86A-48A6-4252-6FDC98C636E8}.Release|Any CPU.Build.0 = Release|Any CPU
		{1576BADE-717F-87EE-BDE8-DC26D19AFC7E}.Debug|Any CPU.ActiveCfg = Debug|Any CPU
		{1576BADE-717F-87EE-BDE8-DC26D19AFC7E}.Debug|Any CPU.Build.0 = Debug|Any CPU
		{1576BADE-717F-87EE-BDE8-DC26D19AFC7E}.Release|Any CPU.ActiveCfg = Release|Any CPU
		{1576BADE-717F-87EE-BDE8-DC26D19AFC7E}.Release|Any CPU.Build.0 = Release|Any CPU
		{0AA2D14C-9382-01E5-7726-DFC09F548EE7}.Debug|Any CPU.ActiveCfg = Debug|Any CPU
		{0AA2D14C-9382-01E5-7726-DFC09F548EE7}.Debug|Any CPU.Build.0 = Debug|Any CPU
		{0AA2D14C-9382-01E5-7726-DFC09F548EE7}.Release|Any CPU.ActiveCfg = Release|Any CPU
		{0AA2D14C-9382-01E5-7726-DFC09F548EE7}.Release|Any CPU.Build.0 = Release|Any CPU
		{E6DB59ED-E921-6B75-4239-D335FEBEF993}.Debug|Any CPU.ActiveCfg = Debug|Any CPU
		{E6DB59ED-E921-6B75-4239-D335FEBEF993}.Debug|Any CPU.Build.0 = Debug|Any CPU
		{E6DB59ED-E921-6B75-4239-D335FEBEF993}.Release|Any CPU.ActiveCfg = Release|Any CPU
		{E6DB59ED-E921-6B75-4239-D335FEBEF993}.Release|Any CPU.Build.0 = Release|Any CPU
		{F81254C3-9C8B-F180-8E00-EFBFED6A6D7E}.Debug|Any CPU.ActiveCfg = Debug|Any CPU
		{F81254C3-9C8B-F180-8E00-EFBFED6A6D7E}.Debug|Any CPU.Build.0 = Debug|Any CPU
		{F81254C3-9C8B-F180-8E00-EFBFED6A6D7E}.Release|Any CPU.ActiveCfg = Release|Any CPU
		{F81254C3-9C8B-F180-8E00-EFBFED6A6D7E}.Release|Any CPU.Build.0 = Release|Any CPU
		{72C444E6-F639-B92A-86AE-973BBD8CCE2C}.Debug|Any CPU.ActiveCfg = Debug|Any CPU
		{72C444E6-F639-B92A-86AE-973BBD8CCE2C}.Debug|Any CPU.Build.0 = Debug|Any CPU
		{72C444E6-F639-B92A-86AE-973BBD8CCE2C}.Release|Any CPU.ActiveCfg = Release|Any CPU
		{72C444E6-F639-B92A-86AE-973BBD8CCE2C}.Release|Any CPU.Build.0 = Release|Any CPU
		{9AF9C58E-C3C5-AC18-03A0-D6DB370288F7}.Debug|Any CPU.ActiveCfg = Debug|Any CPU
		{9AF9C58E-C3C5-AC18-03A0-D6DB370288F7}.Debug|Any CPU.Build.0 = Debug|Any CPU
		{9AF9C58E-C3C5-AC18-03A0-D6DB370288F7}.Release|Any CPU.ActiveCfg = Release|Any CPU
		{9AF9C58E-C3C5-AC18-03A0-D6DB370288F7}.Release|Any CPU.Build.0 = Release|Any CPU
		{816DDE4B-E61B-60CC-0A2E-151C77DDA0F5}.Debug|Any CPU.ActiveCfg = Debug|Any CPU
		{816DDE4B-E61B-60CC-0A2E-151C77DDA0F5}.Debug|Any CPU.Build.0 = Debug|Any CPU
		{816DDE4B-E61B-60CC-0A2E-151C77DDA0F5}.Release|Any CPU.ActiveCfg = Release|Any CPU
		{816DDE4B-E61B-60CC-0A2E-151C77DDA0F5}.Release|Any CPU.Build.0 = Release|Any CPU
		{C8C30923-E640-E562-0A10-2AB5A54D8062}.Debug|Any CPU.ActiveCfg = Debug|Any CPU
		{C8C30923-E640-E562-0A10-2AB5A54D8062}.Debug|Any CPU.Build.0 = Debug|Any CPU
		{C8C30923-E640-E562-0A10-2AB5A54D8062}.Release|Any CPU.ActiveCfg = Release|Any CPU
		{C8C30923-E640-E562-0A10-2AB5A54D8062}.Release|Any CPU.Build.0 = Release|Any CPU
		{6CBE0198-9928-8529-539E-CBEB2AE30F76}.Debug|Any CPU.ActiveCfg = Debug|Any CPU
		{6CBE0198-9928-8529-539E-CBEB2AE30F76}.Debug|Any CPU.Build.0 = Debug|Any CPU
		{6CBE0198-9928-8529-539E-CBEB2AE30F76}.Release|Any CPU.ActiveCfg = Release|Any CPU
		{6CBE0198-9928-8529-539E-CBEB2AE30F76}.Release|Any CPU.Build.0 = Release|Any CPU
		{D4092CF3-9F93-E485-9A0C-9DF46FABC54C}.Debug|Any CPU.ActiveCfg = Debug|Any CPU
		{D4092CF3-9F93-E485-9A0C-9DF46FABC54C}.Debug|Any CPU.Build.0 = Debug|Any CPU
		{D4092CF3-9F93-E485-9A0C-9DF46FABC54C}.Release|Any CPU.ActiveCfg = Release|Any CPU
		{D4092CF3-9F93-E485-9A0C-9DF46FABC54C}.Release|Any CPU.Build.0 = Release|Any CPU
		{DE54235A-E9FA-421A-9E4D-AD47922BE6D5}.Debug|Any CPU.ActiveCfg = Debug|Any CPU
		{DE54235A-E9FA-421A-9E4D-AD47922BE6D5}.Debug|Any CPU.Build.0 = Debug|Any CPU
		{DE54235A-E9FA-421A-9E4D-AD47922BE6D5}.Release|Any CPU.ActiveCfg = Release|Any CPU
		{DE54235A-E9FA-421A-9E4D-AD47922BE6D5}.Release|Any CPU.Build.0 = Release|Any CPU
		{831A370D-502C-7A60-97DB-B4D7705B4E6A}.Debug|Any CPU.ActiveCfg = Debug|Any CPU
		{831A370D-502C-7A60-97DB-B4D7705B4E6A}.Debug|Any CPU.Build.0 = Debug|Any CPU
		{831A370D-502C-7A60-97DB-B4D7705B4E6A}.Release|Any CPU.ActiveCfg = Release|Any CPU
		{831A370D-502C-7A60-97DB-B4D7705B4E6A}.Release|Any CPU.Build.0 = Release|Any CPU
		{944D48C8-DF07-E1A2-3AE2-2A5B5AE9C5E2}.Debug|Any CPU.ActiveCfg = Debug|Any CPU
		{944D48C8-DF07-E1A2-3AE2-2A5B5AE9C5E2}.Debug|Any CPU.Build.0 = Debug|Any CPU
		{944D48C8-DF07-E1A2-3AE2-2A5B5AE9C5E2}.Release|Any CPU.ActiveCfg = Release|Any CPU
		{944D48C8-DF07-E1A2-3AE2-2A5B5AE9C5E2}.Release|Any CPU.Build.0 = Release|Any CPU
		{9E29738A-91D5-B41B-0B7A-82C351CB238D}.Debug|Any CPU.ActiveCfg = Debug|Any CPU
		{9E29738A-91D5-B41B-0B7A-82C351CB238D}.Debug|Any CPU.Build.0 = Debug|Any CPU
		{9E29738A-91D5-B41B-0B7A-82C351CB238D}.Release|Any CPU.ActiveCfg = Release|Any CPU
		{9E29738A-91D5-B41B-0B7A-82C351CB238D}.Release|Any CPU.Build.0 = Release|Any CPU
		{93AAB715-A181-3DE2-93F0-8527337412E2}.Debug|Any CPU.ActiveCfg = Debug|Any CPU
		{93AAB715-A181-3DE2-93F0-8527337412E2}.Debug|Any CPU.Build.0 = Debug|Any CPU
		{93AAB715-A181-3DE2-93F0-8527337412E2}.Release|Any CPU.ActiveCfg = Release|Any CPU
		{93AAB715-A181-3DE2-93F0-8527337412E2}.Release|Any CPU.Build.0 = Release|Any CPU
	EndGlobalSection
	GlobalSection(SolutionProperties) = preSolution
		HideSolutionNode = FALSE
	EndGlobalSection
	GlobalSection(NestedProjects) = preSolution
		{1576BADE-717F-87EE-BDE8-DC26D19AFC7E} = {20543853-AF10-B830-2A3D-9FE9F6ECBF6C}
		{0AA2D14C-9382-01E5-7726-DFC09F548EE7} = {20543853-AF10-B830-2A3D-9FE9F6ECBF6C}
		{E6DB59ED-E921-6B75-4239-D335FEBEF993} = {20543853-AF10-B830-2A3D-9FE9F6ECBF6C}
		{DD206F60-1FAF-ED75-6FA2-9D7982884EA4} = {5854FF58-B8C5-05C6-5BF2-ACE42193F22B}
		{E3AA53C3-939A-826F-12DB-197442141B87} = {DD206F60-1FAF-ED75-6FA2-9D7982884EA4}
		{F81254C3-9C8B-F180-8E00-EFBFED6A6D7E} = {E3AA53C3-939A-826F-12DB-197442141B87}
		{72C444E6-F639-B92A-86AE-973BBD8CCE2C} = {E3AA53C3-939A-826F-12DB-197442141B87}
		{B855C8D1-5364-824C-CDCA-EE7C08A2A013} = {DD206F60-1FAF-ED75-6FA2-9D7982884EA4}
		{9AF9C58E-C3C5-AC18-03A0-D6DB370288F7} = {B855C8D1-5364-824C-CDCA-EE7C08A2A013}
		{A015CD5A-CC23-C0BB-15E3-83118F92C477} = {DD206F60-1FAF-ED75-6FA2-9D7982884EA4}
		{816DDE4B-E61B-60CC-0A2E-151C77DDA0F5} = {A015CD5A-CC23-C0BB-15E3-83118F92C477}
		{74E836B4-46B0-66C7-E002-0B58C90F8616} = {5854FF58-B8C5-05C6-5BF2-ACE42193F22B}
		{05CA971B-3D65-4FAD-CCE0-7DD1512D0CB1} = {74E836B4-46B0-66C7-E002-0B58C90F8616}
		{C8C30923-E640-E562-0A10-2AB5A54D8062} = {05CA971B-3D65-4FAD-CCE0-7DD1512D0CB1}
		{6CBE0198-9928-8529-539E-CBEB2AE30F76} = {05CA971B-3D65-4FAD-CCE0-7DD1512D0CB1}
		{C51A2D03-45A6-E23F-825D-099D02C95D5F} = {74E836B4-46B0-66C7-E002-0B58C90F8616}
		{D4092CF3-9F93-E485-9A0C-9DF46FABC54C} = {C51A2D03-45A6-E23F-825D-099D02C95D5F}
		{F74FA52C-4D45-CD72-C428-1CC09C61DD8F} = {74E836B4-46B0-66C7-E002-0B58C90F8616}
		{DE54235A-E9FA-421A-9E4D-AD47922BE6D5} = {F74FA52C-4D45-CD72-C428-1CC09C61DD8F}
		{050E3031-8793-E375-0E70-4DAD0183BBB2} = {5854FF58-B8C5-05C6-5BF2-ACE42193F22B}
		{537F6F1C-44B5-F016-91AC-31F8AB0CEC44} = {050E3031-8793-E375-0E70-4DAD0183BBB2}
		{831A370D-502C-7A60-97DB-B4D7705B4E6A} = {537F6F1C-44B5-F016-91AC-31F8AB0CEC44}
		{944D48C8-DF07-E1A2-3AE2-2A5B5AE9C5E2} = {537F6F1C-44B5-F016-91AC-31F8AB0CEC44}
		{7CB32DDB-CC76-8CB2-4FD5-430A81EAB74D} = {050E3031-8793-E375-0E70-4DAD0183BBB2}
		{9E29738A-91D5-B41B-0B7A-82C351CB238D} = {7CB32DDB-CC76-8CB2-4FD5-430A81EAB74D}
		{7670863A-76CC-E7F5-267A-1F993BE7F61A} = {050E3031-8793-E375-0E70-4DAD0183BBB2}
		{93AAB715-A181-3DE2-93F0-8527337412E2} = {7670863A-76CC-E7F5-267A-1F993BE7F61A}
	EndGlobalSection
	GlobalSection(ExtensibilityGlobals) = postSolution
		SolutionGuid = {14729069-AC6F-40DA-9529-F01C87E6A991}
	EndGlobalSection
EndGlobal
